# This file is automatically @generated by Cargo.
# It is not intended for manual editing.
version = 4

[[package]]
name = "approx"
version = "0.5.1"
source = "registry+https://github.com/rust-lang/crates.io-index"
checksum = "cab112f0a86d568ea0e627cc1d6be74a1e9cd55214684db5561995f6dad897c6"
dependencies = [
 "num-traits",
]

[[package]]
name = "autocfg"
version = "1.5.1"
source = "registry+https://github.com/rust-lang/crates.io-index"
checksum = "f2032f911046de80f0a198e0901378627c33f59ea0ac00e363d481118bd70a53"

[[package]]
name = "num-traits"
version = "0.2.19"
source = "registry+https://github.com/rust-lang/crates.io-index"
checksum = "071dfc062690e90b734c0b2273ce72ad0ffa95f0c74596bc250dcfd960262841"
dependencies = [
 "autocfg",
]

[[package]]
name = "optional-numeric-index"
version = "0.4.1"
source = "registry+https://github.com/rust-lang/crates.io-index"
checksum = "f67835365c3ab113b1e9f380438a26b8784c72257d59c420201635370a520250"
dependencies = [
 "num-traits",
]

[[package]]
name = "tagged-vec"
version = "1.0.1"
source = "registry+https://github.com/rust-lang/crates.io-index"
checksum = "78f671eb151d7ae65941e73e20b675892bade562a1ccfd4abb029cd5871aee66"

[[package]]
name = "transportation-simulator"
version = "0.0.0"
dependencies = [
 "approx",
 "num-traits",
 "optional-numeric-index",
 "tagged-vec",
 "uom",
]

[[package]]
name = "typenum"
version = "1.20.0"
source = "registry+https://github.com/rust-lang/crates.io-index"
checksum = "40ce102ab67701b8526c123c1bab5cbe42d7040ccfd0f64af1a385808d2f43de"

[[package]]
name = "uom"
version = "0.38.0"
source = "registry+https://github.com/rust-lang/crates.io-index"
checksum = "a739f83872836c82a4f2527d4e54b37007b3de68cafe7edde95fd695968bf4b9"
dependencies = [
 "num-traits",
 "typenum",
]
